version = 1
revision = 3
requires-python = ">=3.13"

[[package]]
name = "amaranth"
version = "0.5.8"
source = { registry = "https://pypi.org/simple" }
dependencies = [
    { name = "jinja2" },
    { name = "jschon" },
    { name = "pyvcd" },
]
sdist = { url = "https://files.pythonhosted.org/packages/fe/e0/3cf8194ef5e4bb317c80956df0e7b0bbc5c251af04bb8b16e4593eb0a811/amaranth-0.5.8.tar.gz", hash = "sha256:a9d6221fdb002614e82ac3603d245827829f279e8eb5fc543c948ea3609328ea", size = 227139, upload-time = "2025-10-15T01:34:21.333Z" }
wheels = [
    { url = "https://files.pythonhosted.org/packages/74/4b/61caac0c0ba1934ed839ddfa35592e3cbc2a6762e829209df5e8adab4fda/amaranth-0.5.8-py3-none-any.whl", hash = "sha256:6c32bd3422c700d246904032c1252f0a84225d2bdf9e26de4bc7df2ec83a8b39", size = 254263, upload-time = "2025-10-15T01:34:19.585Z" },
]

[[package]]
name = "amaranth-yosys"
version = "0.50.0.0.post123"
source = { registry = "https://pypi.org/simple" }
dependencies = [
    { name = "wasmtime" },
]
wheels = [
    { url = "https://files.pythonhosted.org/packages/72/32/dbcf465814928c006506fd216aa150870933816e3058509833e391acab47/amaranth_yosys-0.50.0.0.post123-py3-none-any.whl", hash = "sha256:5e002ad41b6a194d2a988f9f24a65165c131ea86b5048cf67045b0a9324ce00c", size = 11064310, upload-time = "2026-04-21T03:02:46.307Z" },
]

[[package]]
name = "click"
version = "8.3.2"
source = { registry = "https://pypi.org/simple" }
dependencies = [
    { name = "colorama", marker = "sys_platform == 'win32'" },
]
sdist = { url = "https://files.pythonhosted.org/packages/57/75/31212c6bf2503fdf920d87fee5d7a86a2e3bcf444984126f13d8e4016804/click-8.3.2.tar.gz", hash = "sha256:14162b8b3b3550a7d479eafa77dfd3c38d9dc8951f6f69c78913a8f9a7540fd5", size = 302856, upload-time = "2026-04-03T19:14:45.118Z" }
wheels = [
    { url = "https://files.pythonhosted.org/packages/e4/20/71885d8b97d4f3dde17b1fdb92dbd4908b00541c5a3379787137285f602e/click-8.3.2-py3-none-any.whl", hash = "sha256:1924d2c27c5653561cd2cae4548d1406039cb79b858b747cfea24924bbc1616d", size = 108379, upload-time = "2026-04-03T19:14:43.505Z" },
]

[[package]]
name = "cobs"
version = "1.2.2"
source = { registry = "https://pypi.org/simple" }
sdist = { url = "https://files.pythonhosted.org/packages/34/ef/ea149311227a4fc3160cc885fce06da7c7d76782a308ef070b8065c69953/cobs-1.2.2.tar.gz", hash = "sha256:dbdd5e32111d72786f83d0c269215dcd6ac629b1ac1962c6878221f3b2ca98da", size = 14582, upload-time = "2025-07-20T01:08:35.434Z" }
wheels = [
    { url = "https://files.pythonhosted.org/packages/b4/df/7f07559954d53d09680aa4f5c72db999e7643253e2ca4e431023fe5c1c40/cobs-1.2.2-cp313-cp313-win32.whl", hash = "sha256:a8fdf6ca70247e7271caea6f2f6f9c0343f5e872e2fd47e21f71831fa9ababa8", size = 26401, upload-time = "2025-07-20T01:08:32.508Z" },
    { url = "https://files.pythonhosted.org/packages/0c/00/5b063105ff567bb7fb72c3cd3e96116a3889381fa2c0e7747497391dbecc/cobs-1.2.2-cp313-cp313-win_amd64.whl", hash = "sha256:fe3f7194d5fbbc02e8fb03d26ad626a33fa0d420b50d66ed60ac4bf516322d8e", size = 27774, upload-time = "2025-07-20T01:08:33.692Z" },
    { url = "https://files.pythonhosted.org/packages/78/35/de1e889c26fcfc9ae6852b8f99e744e6690a3baae99f63e2b9fffdd21710/cobs-1.2.2-cp314-cp314-win32.whl", hash = "sha256:bcf08cb0b68c1824a87cfa89e0684d5a3eaee9b9e08b02ce4a54d5589536f01c", size = 26779, upload-time = "2026-03-09T02:18:48.711Z" },
    { url = "https://files.pythonhosted.org/packages/b6/64/390e226843cc83066acc60257e0e71ebdbce6dd915ec4f3d34101b9ac31b/cobs-1.2.2-cp314-cp314-win_amd64.whl", hash = "sha256:1f27b7a553d809487287e4ed88540b2c30ed9c9bb596173bfcf549e705af7bf0", size = 28205, upload-time = "2026-03-09T02:18:20.193Z" },
]

[[package]]
name = "colorama"
version = "0.4.6"
source = { registry = "https://pypi.org/simple" }
sdist = { url = "https://files.pythonhosted.org/packages/d8/53/6f443c9a4a8358a93a6792e2acffb9d9d5cb0a5cfd8802644b7b1c9a02e4/colorama-0.4.6.tar.gz", hash = "sha256:08695f5cb7ed6e0531a20572697297273c47b8cae5a63ffc6d6ed5c201be6e44", size = 27697, upload-time = "2022-10-25T02:36:22.414Z" }
wheels = [
    { url = "https://files.pythonhosted.org/packages/d1/d6/3965ed04c63042e047cb6a3e6ed1a63a35087b6a609aa3a15ed8ac56c221/colorama-0.4.6-py2.py3-none-any.whl", hash = "sha256:4f1d9991f5acc0ca119f9d443620b77f9d6b33703e51011c16baf57afb285fc6", size = 25335, upload-time = "2022-10-25T02:36:20.889Z" },
]

[[package]]
name = "enum-tools"
version = "0.13.0"
source = { registry = "https://pypi.org/simple" }
dependencies = [
    { name = "pygments" },
    { name = "typing-extensions" },
]
sdist = { url = "https://files.pythonhosted.org/packages/6d/87/50091e20c2765aa495b24521844a7d8f7041d48e4f9b47dd928cd38c8606/enum_tools-0.13.0.tar.gz", hash = "sha256:0d13335e361d300dc0f8fd82c8cf9951417246f9676144f5ee1761eb690228eb", size = 18904, upload-time = "2025-04-17T15:26:59.412Z" }
wheels = [
    { url = "https://files.pythonhosted.org/packages/84/45/cf8a8df3ebe78db691ab54525d552085b67658877f0334f4b0c08c43b518/enum_tools-0.13.0-py3-none-any.whl", hash = "sha256:e0112b16767dd08cb94105844b52770eae67ece6f026916a06db4a3d330d2a95", size = 22366, upload-time = "2025-04-17T15:26:58.34Z" },
]

[[package]]
name = "fx2"
version = "0.13"
source = { registry = "https://pypi.org/simple" }
dependencies = [
    { name = "libusb1" },
]
wheels = [
    { url = "https://files.pythonhosted.org/packages/0d/0e/d9c308f70fd92cee6bdbeafd1bc5cd2d83f73548fb2936d8d8b32c06a57d/fx2-0.13-py3-none-any.whl", hash = "sha256:1d0f5507e94927de4c558d5d40a8b3986eec1259c773a83dae05795614d15b0e", size = 17206, upload-time = "2024-01-26T16:13:18.374Z" },
]

[[package]]
name = "glasglitch"
version = "0.1.0"
source = { virtual = "." }
dependencies = [
    { name = "glasgow", extra = ["builtin-toolchain"] },
]

[package.metadata]
requires-dist = [{ name = "glasgow", extras = ["builtin-toolchain"], git = "https://github.com/GlasgowEmbedded/glasgow.git?subdirectory=software" }]

[[package]]
name = "glasgow"
version = "0.1.dev2850+g2e2e9bb"
source = { git = "https://github.com/GlasgowEmbedded/glasgow.git?subdirectory=software#2e2e9bb9fa90b758e0daec402fa29eb9a624fe4d" }
dependencies = [
    { name = "amaranth" },
    { name = "cobs" },
    { name = "enum-tools" },
    { name = "fx2" },
    { name = "importlib-resources" },
    { name = "libusb1", marker = "sys_platform != 'emscripten'" },
    { name = "packaging" },
    { name = "platformdirs" },
    { name = "pyvcd" },
    { name = "tqdm" },
    { name = "typing-extensions" },
]

[package.optional-dependencies]
builtin-toolchain = [
    { name = "amaranth-yosys" },
    { name = "yowasp-nextpnr-ice40" },
    { name = "yowasp-runtime" },
    { name = "yowasp-yosys" },
]

[[package]]
name = "importlib-resources"
version = "6.5.2"
source = { registry = "https://pypi.org/simple" }
sdist = { url = "https://files.pythonhosted.org/packages/cf/8c/f834fbf984f691b4f7ff60f50b514cc3de5cc08abfc3295564dd89c5e2e7/importlib_resources-6.5.2.tar.gz", hash = "sha256:185f87adef5bcc288449d98fb4fba07cea78bc036455dd44c5fc4a2fe78fed2c", size = 44693, upload-time = "2025-01-03T18:51:56.698Z" }
wheels = [
    { url = "https://files.pythonhosted.org/packages/a4/ed/1f1afb2e9e7f38a545d628f864d562a5ae64fe6f7a10e28ffb9b185b4e89/importlib_resources-6.5.2-py3-none-any.whl", hash = "sha256:789cfdc3ed28c78b67a06acb8126751ced69a3d5f79c095a98298cd8a760ccec", size = 37461, upload-time = "2025-01-03T18:51:54.306Z" },
]

[[package]]
name = "jinja2"
version = "3.1.6"
source = { registry = "https://pypi.org/simple" }
dependencies = [
    { name = "markupsafe" },
]
sdist = { url = "https://files.pythonhosted.org/packages/df/bf/f7da0350254c0ed7c72f3e33cef02e048281fec7ecec5f032d4aac52226b/jinja2-3.1.6.tar.gz", hash = "sha256:0137fb05990d35f1275a587e9aee6d56da821fc83491a0fb838183be43f66d6d", size = 245115, upload-time = "2025-03-05T20:05:02.478Z" }
wheels = [
    { url = "https://files.pythonhosted.org/packages/62/a1/3d680cbfd5f4b8f15abc1d571870c5fc3e594bb582bc3b64ea099db13e56/jinja2-3.1.6-py3-none-any.whl", hash = "sha256:85ece4451f492d0c13c5dd7c13a64681a86afae63a5f347908daf103ce6d2f67", size = 134899, upload-time = "2025-03-05T20:05:00.369Z" },
]

[[package]]
name = "jschon"
version = "0.11.1"
source = { registry = "https://pypi.org/simple" }
dependencies = [
    { name = "rfc3986" },
]
sdist = { url = "https://files.pythonhosted.org/packages/7b/8b/5cbfbb4751533027ba97a59dfe4c9e694fbceaf549fa9cd7cb9a6066bd60/jschon-0.11.1.tar.gz", hash = "sha256:c0ca0beab1f1694a03d726b91ed75ec604a7787af3ae91ead765f78215bf149f", size = 69411, upload-time = "2023-10-22T11:38:58.897Z" }
wheels = [
    { url = "https://files.pythonhosted.org/packages/ce/b1/31f454a2ac0d23b0a47283d115f0af4abe2a1ea391f5ccb223e02d685b82/jschon-0.11.1-py3-none-any.whl", hash = "sha256:2350e8b6747b17358022960f91208bea70de448b914827af3184d30e20500f0f", size = 66971, upload-time = "2023-10-22T11:38:57.475Z" },
]

[[package]]
name = "libusb1"
version = "3.3.1"
source = { registry = "https://pypi.org/simple" }
sdist = { url = "https://files.pythonhosted.org/packages/a2/7f/c59ad56d1bca8fa4321d1bb77ba4687775751a4deceec14943a44da18ca0/libusb1-3.3.1.tar.gz", hash = "sha256:3951d360f2daf0e0eacf839e15d2d1d2f4f5e7830231eb3188eeffef2dd17bad", size = 107600, upload-time = "2025-03-24T05:36:47.834Z" }
wheels = [
    { url = "https://files.pythonhosted.org/packages/10/f7/4577cfc55c9520ecab5563173e83235382ac7980c8c2c08d6c9f7ef9e615/libusb1-3.3.1-py3-none-any.whl", hash = "sha256:808c9362299dcee01651aa87e71e9d681ccedb27fc4dbd70aaf14e245fb855f1", size = 67243, upload-time = "2025-03-24T05:36:42.312Z" },
    { url = "https://files.pythonhosted.org/packages/6a/60/d3fd4831c601f063a16fc59f465ef4c1108247b07fbff371a982bd1bac45/libusb1-3.3.1-py3-none-win32.whl", hash = "sha256:0ef69825173ce74af34444754c081cc324233edc6acc405658b3ad784833e076", size = 129576, upload-time = "2025-03-24T05:36:45.202Z" },
    { url = "https://files.pythonhosted.org/packages/94/6d/344a164d32d65d503ffe9201cd74cf13a020099dc446554d1e50b07f167b/libusb1-3.3.1-py3-none-win_amd64.whl", hash = "sha256:6e21b772d80d6487fbb55d3d2141218536db302da82f1983754e96c72781c102", size = 141080, upload-time = "2025-03-24T05:36:46.594Z" },
]

[[package]]
name = "markupsafe"
version = "3.0.3"
source = { registry = "https://pypi.org/simple" }
sdist = { url = "https://files.pythonhosted.org/packages/7e/99/7690b6d4034fffd95959cbe0c02de8deb3098cc577c67bb6a24fe5d7caa7/markupsafe-3.0.3.tar.gz", hash = "sha256:722695808f4b6457b320fdc131280796bdceb04ab50fe1795cd540799ebe1698", size = 80313, upload-time = "2025-09-27T18:37:40.426Z" }
wheels = [
    { url = "https://files.pythonhosted.org/packages/38/2f/907b9c7bbba283e68f20259574b13d005c121a0fa4c175f9bed27c4597ff/markupsafe-3.0.3-cp313-cp313-macosx_10_13_x86_64.whl", hash = "sha256:e1cf1972137e83c5d4c136c43ced9ac51d0e124706ee1c8aa8532c1287fa8795", size = 11622, upload-time = "2025-09-27T18:36:41.777Z" },
    { url = "https://files.pythonhosted.org/packages/9c/d9/5f7756922cdd676869eca1c4e3c0cd0df60ed30199ffd775e319089cb3ed/markupsafe-3.0.3-cp313-cp313-macosx_11_0_arm64.whl", hash = "sha256:116bb52f642a37c115f517494ea5feb03889e04df47eeff5b130b1808ce7c219", size = 12029, upload-time = "2025-09-27T18:36:43.257Z" },
    { url = "https://files.pythonhosted.org/packages/00/07/575a68c754943058c78f30db02ee03a64b3c638586fba6a6dd56830b30a3/markupsafe-3.0.3-cp313-cp313-manylinux2014_aarch64.manylinux_2_17_aarch64.manylinux_2_28_aarch64.whl", hash = "sha256:133a43e73a802c5562be9bbcd03d090aa5a1fe899db609c29e8c8d815c5f6de6", size = 24374, upload-time = "2025-09-27T18:36:44.508Z" },
    { url = "https://files.pythonhosted.org/packages/a9/21/9b05698b46f218fc0e118e1f8168395c65c8a2c750ae2bab54fc4bd4e0e8/markupsafe-3.0.3-cp313-cp313-manylinux2014_x86_64.manylinux_2_17_x86_64.manylinux_2_28_x86_64.whl", hash = "sha256:ccfcd093f13f0f0b7fdd0f198b90053bf7b2f02a3927a30e63f3ccc9df56b676", size = 22980, upload-time = "2025-09-27T18:36:45.385Z" },
    { url = "https://files.pythonhosted.org/packages/7f/71/544260864f893f18b6827315b988c146b559391e6e7e8f7252839b1b846a/markupsafe-3.0.3-cp313-cp313-manylinux_2_31_riscv64.manylinux_2_39_riscv64.whl", hash = "sha256:509fa21c6deb7a7a273d629cf5ec029bc209d1a51178615ddf718f5918992ab9", size = 21990, upload-time = "2025-09-27T18:36:46.916Z" },
    { url = "https://files.pythonhosted.org/packages/c2/28/b50fc2f74d1ad761af2f5dcce7492648b983d00a65b8c0e0cb457c82ebbe/markupsafe-3.0.3-cp313-cp313-musllinux_1_2_aarch64.whl", hash = "sha256:a4afe79fb3de0b7097d81da19090f4df4f8d3a2b3adaa8764138aac2e44f3af1", size = 23784, upload-time = "2025-09-27T18:36:47.884Z" },
    { url = "https://files.pythonhosted.org/packages/ed/76/104b2aa106a208da8b17a2fb72e033a5a9d7073c68f7e508b94916ed47a9/markupsafe-3.0.3-cp313-cp313-musllinux_1_2_riscv64.whl", hash = "sha256:795e7751525cae078558e679d646ae45574b47ed6e7771863fcc079a6171a0fc", size = 21588, upload-time = "2025-09-27T18:36:48.82Z" },
    { url = "https://files.pythonhosted.org/packages/b5/99/16a5eb2d140087ebd97180d95249b00a03aa87e29cc224056274f2e45fd6/markupsafe-3.0.3-cp313-cp313-musllinux_1_2_x86_64.whl", hash = "sha256:8485f406a96febb5140bfeca44a73e3ce5116b2501ac54fe953e488fb1d03b12", size = 23041, upload-time = "2025-09-27T18:36:49.797Z" },
    { url = "https://files.pythonhosted.org/packages/19/bc/e7140ed90c5d61d77cea142eed9f9c303f4c4806f60a1044c13e3f1471d0/markupsafe-3.0.3-cp313-cp313-win32.whl", hash = "sha256:bdd37121970bfd8be76c5fb069c7751683bdf373db1ed6c010162b2a130248ed", size = 14543, upload-time = "2025-09-27T18:36:51.584Z" },
    { url = "https://files.pythonhosted.org/packages/05/73/c4abe620b841b6b791f2edc248f556900667a5a1cf023a6646967ae98335/markupsafe-3.0.3-cp313-cp313-win_amd64.whl", hash = "sha256:9a1abfdc021a164803f4d485104931fb8f8c1efd55bc6b748d2f5774e78b62c5", size = 15113, upload-time = "2025-09-27T18:36:52.537Z" },
    { url = "https://files.pythonhosted.org/packages/f0/3a/fa34a0f7cfef23cf9500d68cb7c32dd64ffd58a12b09225fb03dd37d5b80/markupsafe-3.0.3-cp313-cp313-win_arm64.whl", hash = "sha256:7e68f88e5b8799aa49c85cd116c932a1ac15caaa3f5db09087854d218359e485", size = 13911, upload-time = "2025-09-27T18:36:53.513Z" },
    { url = "https://files.pythonhosted.org/packages/e4/d7/e05cd7efe43a88a17a37b3ae96e79a19e846f3f456fe79c57ca61356ef01/markupsafe-3.0.3-cp313-cp313t-macosx_10_13_x86_64.whl", hash = "sha256:218551f6df4868a8d527e3062d0fb968682fe92054e89978594c28e642c43a73", size = 11658, upload-time = "2025-09-27T18:36:54.819Z" },
    { url = "https://files.pythonhosted.org/packages/99/9e/e412117548182ce2148bdeacdda3bb494260c0b0184360fe0d56389b523b/markupsafe-3.0.3-cp313-cp313t-macosx_11_0_arm64.whl", hash = "sha256:3524b778fe5cfb3452a09d31e7b5adefeea8c5be1d43c4f810ba09f2ceb29d37", size = 12066, upload-time = "2025-09-27T18:36:55.714Z" },
    { url = "https://files.pythonhosted.org/packages/bc/e6/fa0ffcda717ef64a5108eaa7b4f5ed28d56122c9a6d70ab8b72f9f715c80/markupsafe-3.0.3-cp313-cp313t-manylinux2014_aarch64.manylinux_2_17_aarch64.manylinux_2_28_aarch64.whl", hash = "sha256:4e885a3d1efa2eadc93c894a21770e4bc67899e3543680313b09f139e149ab19", size = 25639, upload-time = "2025-09-27T18:36:56.908Z" },
    { url = "https://files.pythonhosted.org/packages/96/ec/2102e881fe9d25fc16cb4b25d5f5cde50970967ffa5dddafdb771237062d/markupsafe-3.0.3-cp313-cp313t-manylinux2014_x86_64.manylinux_2_17_x86_64.manylinux_2_28_x86_64.whl", hash = "sha256:8709b08f4a89aa7586de0aadc8da56180242ee0ada3999749b183aa23df95025", size = 23569, upload-time = "2025-09-27T18:36:57.913Z" },
    { url = "https://files.pythonhosted.org/packages/4b/30/6f2fce1f1f205fc9323255b216ca8a235b15860c34b6798f810f05828e32/markupsafe-3.0.3-cp313-cp313t-manylinux_2_31_riscv64.manylinux_2_39_riscv64.whl", hash = "sha256:b8512a91625c9b3da6f127803b166b629725e68af71f8184ae7e7d54686a56d6", size = 23284, upload-time = "2025-09-27T18:36:58.833Z" },
    { url = "https://files.pythonhosted.org/packages/58/47/4a0ccea4ab9f5dcb6f79c0236d954acb382202721e704223a8aafa38b5c8/markupsafe-3.0.3-cp313-cp313t-musllinux_1_2_aarch64.whl", hash = "sha256:9b79b7a16f7fedff2495d684f2b59b0457c3b493778c9eed31111be64d58279f", size = 24801, upload-time = "2025-09-27T18:36:59.739Z" },
    { url = "https://files.pythonhosted.org/packages/6a/70/3780e9b72180b6fecb83a4814d84c3bf4b4ae4bf0b19c27196104149734c/markupsafe-3.0.3-cp313-cp313t-musllinux_1_2_riscv64.whl", hash = "sha256:12c63dfb4a98206f045aa9563db46507995f7ef6d83b2f68eda65c307c6829eb", size = 22769, upload-time = "2025-09-27T18:37:00.719Z" },
    { url = "https://files.pythonhosted.org/packages/98/c5/c03c7f4125180fc215220c035beac6b9cb684bc7a067c84fc69414d315f5/markupsafe-3.0.3-cp313-cp313t-musllinux_1_2_x86_64.whl", hash = "sha256:8f71bc33915be5186016f675cd83a1e08523649b0e33efdb898db577ef5bb009", size = 23642, upload-time = "2025-09-27T18:37:01.673Z" },
    { url = "https://files.pythonhosted.org/packages/80/d6/2d1b89f6ca4bff1036499b1e29a1d02d282259f3681540e16563f27ebc23/markupsafe-3.0.3-cp313-cp313t-win32.whl", hash = "sha256:69c0b73548bc525c8cb9a251cddf1931d1db4d2258e9599c28c07ef3580ef354", size = 14612, upload-time = "2025-09-27T18:37:02.639Z" },
    { url = "https://files.pythonhosted.org/packages/2b/98/e48a4bfba0a0ffcf9925fe2d69240bfaa19c6f7507b8cd09c70684a53c1e/markupsafe-3.0.3-cp313-cp313t-win_amd64.whl", hash = "sha256:1b4b79e8ebf6b55351f0d91fe80f893b4743f104bff22e90697db1590e47a218", size = 15200, upload-time = "2025-09-27T18:37:03.582Z" },
    { url = "https://files.pythonhosted.org/packages/0e/72/e3cc540f351f316e9ed0f092757459afbc595824ca724cbc5a5d4263713f/markupsafe-3.0.3-cp313-cp313t-win_arm64.whl", hash = "sha256:ad2cf8aa28b8c020ab2fc8287b0f823d0a7d8630784c31e9ee5edea20f406287", size = 13973, upload-time = "2025-09-27T18:37:04.929Z" },
    { url = "https://files.pythonhosted.org/packages/33/8a/8e42d4838cd89b7dde187011e97fe6c3af66d8c044997d2183fbd6d31352/markupsafe-3.0.3-cp314-cp314-macosx_10_13_x86_64.whl", hash = "sha256:eaa9599de571d72e2daf60164784109f19978b327a3910d3e9de8c97b5b70cfe", size = 11619, upload-time = "2025-09-27T18:37:06.342Z" },
    { url = "https://files.pythonhosted.org/packages/b5/64/7660f8a4a8e53c924d0fa05dc3a55c9cee10bbd82b11c5afb27d44b096ce/markupsafe-3.0.3-cp314-cp314-macosx_11_0_arm64.whl", hash = "sha256:c47a551199eb8eb2121d4f0f15ae0f923d31350ab9280078d1e5f12b249e0026", size = 12029, upload-time = "2025-09-27T18:37:07.213Z" },
    { url = "https://files.pythonhosted.org/packages/da/ef/e648bfd021127bef5fa12e1720ffed0c6cbb8310c8d9bea7266337ff06de/markupsafe-3.0.3-cp314-cp314-manylinux2014_aarch64.manylinux_2_17_aarch64.manylinux_2_28_aarch64.whl", hash = "sha256:f34c41761022dd093b4b6896d4810782ffbabe30f2d443ff5f083e0cbbb8c737", size = 24408, upload-time = "2025-09-27T18:37:09.572Z" },
    { url = "https://files.pythonhosted.org/packages/41/3c/a36c2450754618e62008bf7435ccb0f88053e07592e6028a34776213d877/markupsafe-3.0.3-cp314-cp314-manylinux2014_x86_64.manylinux_2_17_x86_64.manylinux_2_28_x86_64.whl", hash = "sha256:457a69a9577064c05a97c41f4e65148652db078a3a509039e64d3467b9e7ef97", size = 23005, upload-time = "2025-09-27T18:37:10.58Z" },
    { url = "https://files.pythonhosted.org/packages/bc/20/b7fdf89a8456b099837cd1dc21974632a02a999ec9bf7ca3e490aacd98e7/markupsafe-3.0.3-cp314-cp314-manylinux_2_31_riscv64.manylinux_2_39_riscv64.whl", hash = "sha256:e8afc3f2ccfa24215f8cb28dcf43f0113ac3c37c2f0f0806d8c70e4228c5cf4d", size = 22048, upload-time = "2025-09-27T18:37:11.547Z" },
    { url = "https://files.pythonhosted.org/packages/9a/a7/591f592afdc734f47db08a75793a55d7fbcc6902a723ae4cfbab61010cc5/markupsafe-3.0.3-cp314-cp314-musllinux_1_2_aarch64.whl", hash = "sha256:ec15a59cf5af7be74194f7ab02d0f59a62bdcf1a537677ce67a2537c9b87fcda", size = 23821, upload-time = "2025-09-27T18:37:12.48Z" },
    { url = "https://files.pythonhosted.org/packages/7d/33/45b24e4f44195b26521bc6f1a82197118f74df348556594bd2262bda1038/markupsafe-3.0.3-cp314-cp314-musllinux_1_2_riscv64.whl", hash = "sha256:0eb9ff8191e8498cca014656ae6b8d61f39da5f95b488805da4bb029cccbfbaf", size = 21606, upload-time = "2025-09-27T18:37:13.485Z" },
    { url = "https://files.pythonhosted.org/packages/ff/0e/53dfaca23a69fbfbbf17a4b64072090e70717344c52eaaaa9c5ddff1e5f0/markupsafe-3.0.3-cp314-cp314-musllinux_1_2_x86_64.whl", hash = "sha256:2713baf880df847f2bece4230d4d094280f4e67b1e813eec43b4c0e144a34ffe", size = 23043, upload-time = "2025-09-27T18:37:14.408Z" },
    { url = "https://files.pythonhosted.org/packages/46/11/f333a06fc16236d5238bfe74daccbca41459dcd8d1fa952e8fbd5dccfb70/markupsafe-3.0.3-cp314-cp314-win32.whl", hash = "sha256:729586769a26dbceff69f7a7dbbf59ab6572b99d94576a5592625d5b411576b9", size = 14747, upload-time = "2025-09-27T18:37:15.36Z" },
    { url = "https://files.pythonhosted.org/packages/28/52/182836104b33b444e400b14f797212f720cbc9ed6ba34c800639d154e821/markupsafe-3.0.3-cp314-cp314-win_amd64.whl", hash = "sha256:bdc919ead48f234740ad807933cdf545180bfbe9342c2bb451556db2ed958581", size = 15341, upload-time = "2025-09-27T18:37:16.496Z" },
    { url = "https://files.pythonhosted.org/packages/6f/18/acf23e91bd94fd7b3031558b1f013adfa21a8e407a3fdb32745538730382/markupsafe-3.0.3-cp314-cp314-win_arm64.whl", hash = "sha256:5a7d5dc5140555cf21a6fefbdbf8723f06fcd2f63ef108f2854de715e4422cb4", size = 14073, upload-time = "2025-09-27T18:37:17.476Z" },
    { url = "https://files.pythonhosted.org/packages/3c/f0/57689aa4076e1b43b15fdfa646b04653969d50cf30c32a102762be2485da/markupsafe-3.0.3-cp314-cp314t-macosx_10_13_x86_64.whl", hash = "sha256:1353ef0c1b138e1907ae78e2f6c63ff67501122006b0f9abad68fda5f4ffc6ab", size = 11661, upload-time = "2025-09-27T18:37:18.453Z" },
    { url = "https://files.pythonhosted.org/packages/89/c3/2e67a7ca217c6912985ec766c6393b636fb0c2344443ff9d91404dc4c79f/markupsafe-3.0.3-cp314-cp314t-macosx_11_0_arm64.whl", hash = "sha256:1085e7fbddd3be5f89cc898938f42c0b3c711fdcb37d75221de2666af647c175", size = 12069, upload-time = "2025-09-27T18:37:19.332Z" },
    { url = "https://files.pythonhosted.org/packages/f0/00/be561dce4e6ca66b15276e184ce4b8aec61fe83662cce2f7d72bd3249d28/markupsafe-3.0.3-cp314-cp314t-manylinux2014_aarch64.manylinux_2_17_aarch64.manylinux_2_28_aarch64.whl", hash = "sha256:1b52b4fb9df4eb9ae465f8d0c228a00624de2334f216f178a995ccdcf82c4634", size = 25670, upload-time = "2025-09-27T18:37:20.245Z" },
    { url = "https://files.pythonhosted.org/packages/50/09/c419f6f5a92e5fadde27efd190eca90f05e1261b10dbd8cbcb39cd8ea1dc/markupsafe-3.0.3-cp314-cp314t-manylinux2014_x86_64.manylinux_2_17_x86_64.manylinux_2_28_x86_64.whl", hash = "sha256:fed51ac40f757d41b7c48425901843666a6677e3e8eb0abcff09e4ba6e664f50", size = 23598, upload-time = "2025-09-27T18:37:21.177Z" },
    { url = "https://files.pythonhosted.org/packages/22/44/a0681611106e0b2921b3033fc19bc53323e0b50bc70cffdd19f7d679bb66/markupsafe-3.0.3-cp314-cp314t-manylinux_2_31_riscv64.manylinux_2_39_riscv64.whl", hash = "sha256:f190daf01f13c72eac4efd5c430a8de82489d9cff23c364c3ea822545032993e", size = 23261, upload-time = "2025-09-27T18:37:22.167Z" },
    { url = "https://files.pythonhosted.org/packages/5f/57/1b0b3f100259dc9fffe780cfb60d4be71375510e435efec3d116b6436d43/markupsafe-3.0.3-cp314-cp314t-musllinux_1_2_aarch64.whl", hash = "sha256:e56b7d45a839a697b5eb268c82a71bd8c7f6c94d6fd50c3d577fa39a9f1409f5", size = 24835, upload-time = "2025-09-27T18:37:23.296Z" },
    { url = "https://files.pythonhosted.org/packages/26/6a/4bf6d0c97c4920f1597cc14dd720705eca0bf7c787aebc6bb4d1bead5388/markupsafe-3.0.3-cp314-cp314t-musllinux_1_2_riscv64.whl", hash = "sha256:f3e98bb3798ead92273dc0e5fd0f31ade220f59a266ffd8a4f6065e0a3ce0523", size = 22733, upload-time = "2025-09-27T18:37:24.237Z" },
    { url = "https://files.pythonhosted.org/packages/14/c7/ca723101509b518797fedc2fdf79ba57f886b4aca8a7d31857ba3ee8281f/markupsafe-3.0.3-cp314-cp314t-musllinux_1_2_x86_64.whl", hash = "sha256:5678211cb9333a6468fb8d8be0305520aa073f50d17f089b5b4b477ea6e67fdc", size = 23672, upload-time = "2025-09-27T18:37:25.271Z" },
    { url = "https://files.pythonhosted.org/packages/fb/df/5bd7a48c256faecd1d36edc13133e51397e41b73bb77e1a69deab746ebac/markupsafe-3.0.3-cp314-cp314t-win32.whl", hash = "sha256:915c04ba3851909ce68ccc2b8e2cd691618c4dc4c4232fb7982bca3f41fd8c3d", size = 14819, upload-time = "2025-09-27T18:37:26.285Z" },
    { url = "https://files.pythonhosted.org/packages/1a/8a/0402ba61a2f16038b48b39bccca271134be00c5c9f0f623208399333c448/markupsafe-3.0.3-cp314-cp314t-win_amd64.whl", hash = "sha256:4faffd047e07c38848ce017e8725090413cd80cbc23d86e55c587bf979e579c9", size = 15426, upload-time = "2025-09-27T18:37:27.316Z" },
    { url = "https://files.pythonhosted.org/packages/70/bc/6f1c2f612465f5fa89b95bead1f44dcb607670fd42891d8fdcd5d039f4f4/markupsafe-3.0.3-cp314-cp314t-win_arm64.whl", hash = "sha256:32001d6a8fc98c8cb5c947787c5d08b0a50663d139f1305bac5885d98d9b40fa", size = 14146, upload-time = "2025-09-27T18:37:28.327Z" },
]

[[package]]
name = "packaging"
version = "26.1"
source = { registry = "https://pypi.org/simple" }
sdist = { url = "https://files.pythonhosted.org/packages/df/de/0d2b39fb4af88a0258f3bac87dfcbb48e73fbdea4a2ed0e2213f9a4c2f9a/packaging-26.1.tar.gz", hash = "sha256:f042152b681c4bfac5cae2742a55e103d27ab2ec0f3d88037136b6bfe7c9c5de", size = 215519, upload-time = "2026-04-14T21:12:49.362Z" }
wheels = [
    { url = "https://files.pythonhosted.org/packages/7a/c2/920ef838e2f0028c8262f16101ec09ebd5969864e5a64c4c05fad0617c56/packaging-26.1-py3-none-any.whl", hash = "sha256:5d9c0669c6285e491e0ced2eee587eaf67b670d94a19e94e3984a481aba6802f", size = 95831, upload-time = "2026-04-14T21:12:47.56Z" },
]

[[package]]
name = "platformdirs"
version = "4.9.6"
source = { registry = "https://pypi.org/simple" }
sdist = { url = "https://files.pythonhosted.org/packages/9f/4a/0883b8e3802965322523f0b200ecf33d31f10991d0401162f4b23c698b42/platformdirs-4.9.6.tar.gz", hash = "sha256:3bfa75b0ad0db84096ae777218481852c0ebc6c727b3168c1b9e0118e458cf0a", size = 29400, upload-time = "2026-04-09T00:04:10.812Z" }
wheels = [
    { url = "https://files.pythonhosted.org/packages/75/a6/a0a304dc33b49145b21f4808d763822111e67d1c3a32b524a1baf947b6e1/platformdirs-4.9.6-py3-none-any.whl", hash = "sha256:e61adb1d5e5cb3441b4b7710bea7e4c12250ca49439228cc1021c00dcfac0917", size = 21348, upload-time = "2026-04-09T00:04:09.463Z" },
]

[[package]]
name = "pygments"
version = "2.20.0"
source = { registry = "https://pypi.org/simple" }
sdist = { url = "https://files.pythonhosted.org/packages/c3/b2/bc9c9196916376152d655522fdcebac55e66de6603a76a02bca1b6414f6c/pygments-2.20.0.tar.gz", hash = "sha256:6757cd03768053ff99f3039c1a36d6c0aa0b263438fcab17520b30a303a82b5f", size = 4955991, upload-time = "2026-03-29T13:29:33.898Z" }
wheels = [
    { url = "https://files.pythonhosted.org/packages/f4/7e/a72dd26f3b0f4f2bf1dd8923c85f7ceb43172af56d63c7383eb62b332364/pygments-2.20.0-py3-none-any.whl", hash = "sha256:81a9e26dd42fd28a23a2d169d86d7ac03b46e2f8b59ed4698fb4785f946d0176", size = 1231151, upload-time = "2026-03-29T13:29:30.038Z" },
]

[[package]]
name = "pyvcd"
version = "0.4.1"
source = { registry = "https://pypi.org/simple" }
sdist = { url = "https://files.pythonhosted.org/packages/5a/0e/bbc8c4b8b5c2c1b072f891ecc63d5cca230ca09cf25f94ebb9b46dadc114/pyvcd-0.4.1.tar.gz", hash = "sha256:dc6275e95a7949b8236086ab2e6d03afede73441243ec5109c9ea89077f3d696", size = 39562, upload-time = "2024-11-10T22:58:47.397Z" }
wheels = [
    { url = "https://files.pythonhosted.org/packages/8d/6d/24f67ec6cbe90ffca470f3c31e24f3d21124abc5b690398ab34a54bd3070/pyvcd-0.4.1-py2.py3-none-any.whl", hash = "sha256:3a4c71d4dce741f1155a2ed11a6278390a0816293068f6162ad9658d20f75578", size = 23561, upload-time = "2024-11-10T22:58:46.015Z" },
]

[[package]]
name = "rfc3986"
version = "2.0.0"
source = { registry = "https://pypi.org/simple" }
sdist = { url = "https://files.pythonhosted.org/packages/85/40/1520d68bfa07ab5a6f065a186815fb6610c86fe957bc065754e47f7b0840/rfc3986-2.0.0.tar.gz", hash = "sha256:97aacf9dbd4bfd829baad6e6309fa6573aaf1be3f6fa735c8ab05e46cecb261c", size = 49026, upload-time = "2022-01-10T00:52:30.832Z" }
wheels = [
    { url = "https://files.pythonhosted.org/packages/ff/9a/9afaade874b2fa6c752c36f1548f718b5b83af81ed9b76628329dab81c1b/rfc3986-2.0.0-py2.py3-none-any.whl", hash = "sha256:50b1502b60e289cb37883f3dfd34532b8873c7de9f49bb546641ce9cbd256ebd", size = 31326, upload-time = "2022-01-10T00:52:29.594Z" },
]

[[package]]
name = "tqdm"
version = "4.67.3"
source = { registry = "https://pypi.org/simple" }
dependencies = [
    { name = "colorama", marker = "sys_platform == 'win32'" },
]
sdist = { url = "https://files.pythonhosted.org/packages/09/a9/6ba95a270c6f1fbcd8dac228323f2777d886cb206987444e4bce66338dd4/tqdm-4.67.3.tar.gz", hash = "sha256:7d825f03f89244ef73f1d4ce193cb1774a8179fd96f31d7e1dcde62092b960bb", size = 169598, upload-time = "2026-02-03T17:35:53.048Z" }
wheels = [
    { url = "https://files.pythonhosted.org/packages/16/e1/3079a9ff9b8e11b846c6ac5c8b5bfb7ff225eee721825310c91b3b50304f/tqdm-4.67.3-py3-none-any.whl", hash = "sha256:ee1e4c0e59148062281c49d80b25b67771a127c85fc9676d3be5f243206826bf", size = 78374, upload-time = "2026-02-03T17:35:50.982Z" },
]

[[package]]
name = "typing-extensions"
version = "4.15.0"
source = { registry = "https://pypi.org/simple" }
sdist = { url = "https://files.pythonhosted.org/packages/72/94/1a15dd82efb362ac84269196e94cf00f187f7ed21c242792a923cdb1c61f/typing_extensions-4.15.0.tar.gz", hash = "sha256:0cea48d173cc12fa28ecabc3b837ea3cf6f38c6d1136f85cbaaf598984861466", size = 109391, upload-time = "2025-08-25T13:49:26.313Z" }
wheels = [
    { url = "https://files.pythonhosted.org/packages/18/67/36e9267722cc04a6b9f15c7f3441c2363321a3ea07da7ae0c0707beb2a9c/typing_extensions-4.15.0-py3-none-any.whl", hash = "sha256:f0fa19c6845758ab08074a0cfa8b7aecb71c999ca73d62883bc25cc018c4e548", size = 44614, upload-time = "2025-08-25T13:49:24.86Z" },
]

[[package]]
name = "wasmtime"
version = "44.0.0"
source = { registry = "https://pypi.org/simple" }
sdist = { url = "https://files.pythonhosted.org/packages/cd/9f/b9e08200c362af1f08ca3f50b54a05573b9cca840cb981e70bdfe1658b24/wasmtime-44.0.0.tar.gz", hash = "sha256:1e5e7a7046136054e12f82101a9b5ce30b02d4f92946e6fbe3e2fced61a6b1a5", size = 120544, upload-time = "2026-04-20T22:20:23.782Z" }
wheels = [
    { url = "https://files.pythonhosted.org/packages/27/e6/756c5b1bbccb394cc86a29f47ddb9b764e05a429742bec4fdfd499b61481/wasmtime-44.0.0-py3-none-android_26_arm64_v8a.whl", hash = "sha256:5bc01e2f1dae1e85b19343a718bf2b1dc9f0fa6b9f8c5f2922b9fb4b29fb56bd", size = 7985484, upload-time = "2026-04-20T22:20:00.463Z" },
    { url = "https://files.pythonhosted.org/packages/6e/a6/5dac42dfa129042cac70d3d07bb8568d7b6319222333733de7a392cf109f/wasmtime-44.0.0-py3-none-android_26_x86_64.whl", hash = "sha256:2e7db391e7cd274c3608bf22a2b2706bfbcc44a233c9a62277f0f03f9e0f48ad", size = 8922840, upload-time = "2026-04-20T22:20:02.782Z" },
    { url = "https://files.pythonhosted.org/packages/2a/aa/19e06d2a24cffe8c6af2de28862bfc02f3cef745e24d4886787db6c3d64d/wasmtime-44.0.0-py3-none-any.whl", hash = "sha256:28903f584fd9707438551ed3878bad61d841be78c715db4e20bf30e43b185825", size = 7426512, upload-time = "2026-04-20T22:20:05.068Z" },
    { url = "https://files.pythonhosted.org/packages/33/04/672333a17f941605daab1a2b0a1f67c079526c564b7d70d5a233ce6ccfc1/wasmtime-44.0.0-py3-none-macosx_10_13_x86_64.whl", hash = "sha256:019923321cf9244ed48d8f3858e50a93500a523c44b31d7b93c8c30195c4b9aa", size = 8717123, upload-time = "2026-04-20T22:20:06.707Z" },
    { url = "https://files.pythonhosted.org/packages/48/3f/53f3989a32d0cd0b8345e93e4d7e162e7b392ad8dac4fd59ec284b4c7172/wasmtime-44.0.0-py3-none-macosx_11_0_arm64.whl", hash = "sha256:07e96eb5bbf40473ea51f2cb3b3f5358537e41644662e02115edf5bd7883c9ca", size = 7626477, upload-time = "2026-04-20T22:20:09.092Z" },
    { url = "https://files.pythonhosted.org/packages/c5/c1/9c64ed6c2d152b56482bb66297bfc03442d25449bfa91da7bf2e58a80f01/wasmtime-44.0.0-py3-none-manylinux1_x86_64.whl", hash = "sha256:f8d5bbd234bb99f9e94e284fba67b5e899ddebe2d4be7384f78396bdd4ce27a6", size = 8999749, upload-time = "2026-04-20T22:20:10.825Z" },
    { url = "https://files.pythonhosted.org/packages/bf/27/bca7dcadebfbe6a304e84f85f8921a7c0dde6711b42bec14f2f4d23b1023/wasmtime-44.0.0-py3-none-manylinux2014_aarch64.whl", hash = "sha256:e686644bcddfec89095c9fd982b0848ab5e494ece865517214a63430b2ed08f8", size = 7943253, upload-time = "2026-04-20T22:20:13.442Z" },
    { url = "https://files.pythonhosted.org/packages/da/f0/dc7bec6880abbdf3944e728df03e4479b9f25c860e57f499d48140f740d3/wasmtime-44.0.0-py3-none-musllinux_1_2_aarch64.whl", hash = "sha256:7326e8cc02b583a7817cf50029d8e9b06c13d2f3573b3e677dbe51a8c52245d7", size = 8002385, upload-time = "2026-04-20T22:20:15.287Z" },
    { url = "https://files.pythonhosted.org/packages/78/e6/5ebd6db7014a64e715febd3346cf0f48b3f8d216720ddfbd798a07a16e31/wasmtime-44.0.0-py3-none-musllinux_1_2_x86_64.whl", hash = "sha256:a7840d7d81e59ff666067031b3bde727ff28f923c5040b1a3cae4d8d37340f18", size = 9023000, upload-time = "2026-04-20T22:20:17.42Z" },
    { url = "https://files.pythonhosted.org/packages/b4/3f/a32a7cc777f1ee3d314cbe99280b4b5e322423ef9ff84dbac7a1897d4230/wasmtime-44.0.0-py3-none-win_amd64.whl", hash = "sha256:4b5c52475148f827abd9feff4460689f6979c0333b612c6c3d9211c4b7c7258d", size = 7426518, upload-time = "2026-04-20T22:20:19.633Z" },
    { url = "https://files.pythonhosted.org/packages/78/66/acf3821098944ca1f0118052912ee3bf1d941ff979d4adf3ad3684672fe8/wasmtime-44.0.0-py3-none-win_arm64.whl", hash = "sha256:931cd4d886ae6a2a06f5cfe47bf6f7a3b2635fa512a81cd1c55975505ace8cc1", size = 6342611, upload-time = "2026-04-20T22:20:21.909Z" },
]

[[package]]
name = "yowasp-nextpnr-ice40"
version = "0.10.0.0.post753"
source = { registry = "https://pypi.org/simple" }
dependencies = [
    { name = "yowasp-runtime" },
]
wheels = [
    { url = "https://files.pythonhosted.org/packages/fc/86/6c9a4affc172d4f5e162adfa51c10174f2649d1589132c23b323da9a6a61/yowasp_nextpnr_ice40-0.10.0.0.post753-py3-none-any.whl", hash = "sha256:6d7da39a5e6e6503c3d621032c2c5deff1df1bbda349a3f3a9fa4ae606064396", size = 71684928, upload-time = "2026-03-14T00:56:43.2Z" },
]

[[package]]
name = "yowasp-runtime"
version = "1.92"
source = { registry = "https://pypi.org/simple" }
dependencies = [
    { name = "platformdirs" },
    { name = "wasmtime" },
]
wheels = [
    { url = "https://files.pythonhosted.org/packages/da/e5/2d88ebb280143751e6193d60c99a9e591295d7fbc0bbb66b7cc816a38706/yowasp_runtime-1.92-py3-none-any.whl", hash = "sha256:917cfae9ea3b6bad631a2958758fd49ed06d463b27a90408393c909b6f02c74c", size = 5166, upload-time = "2026-04-21T00:10:21.591Z" },
]

[[package]]
name = "yowasp-yosys"
version = "0.64.0.0.post1131"
source = { registry = "https://pypi.org/simple" }
dependencies = [
    { name = "click" },
    { name = "yowasp-runtime" },
]
wheels = [
    { url = "https://files.pythonhosted.org/packages/79/cf/562c8771ed7ed5d2db74e40800c4a7806b74f7a483686792510e3e742cea/yowasp_yosys-0.64.0.0.post1131-py3-none-any.whl", hash = "sha256:8cb6331ce5f1a49e6365c3b80ed035e88762582c9131e5fa53c5b710c92b3df0", size = 12290871, upload-time = "2026-04-08T18:44:54.17Z" },
]
